// !$*UTF8*$!
{
	archiveVersion = 1;
	classes = {
	};
	objectVersion = 50;
	objects = {

/* Begin PBXBuildFile section */
		761E98A823CECC0800334DFF /* AppDelegate.swift in Sources */ = {isa = PBXBuildFile; fileRef = 761E98A723CECC0800334DFF /* AppDelegate.swift */; };
		761E98AA23CECC0800334DFF /* SceneDelegate.swift in Sources */ = {isa = PBXBuildFile; fileRef = 761E98A923CECC0800334DFF /* SceneDelegate.swift */; };
		761E98AC23CECC0800334DFF /* ViewController.swift in Sources */ = {isa = PBXBuildFile; fileRef = 761E98AB23CECC0800334DFF /* ViewController.swift */; };
		761E98AF23CECC0800334DFF /* Main.storyboard in Resources */ = {isa = PBXBuildFile; fileRef = 761E98AD23CECC0800334DFF /* Main.storyboard */; };
		761E98B123CECC0900334DFF /* Assets.xcassets in Resources */ = {isa = PBXBuildFile; fileRef = 761E98B023CECC0900334DFF /* Assets.xcassets */; };
		761E98B423CECC0900334DFF /* LaunchScreen.storyboard in Resources */ = {isa = PBXBuildFile; fileRef = 761E98B223CECC0900334DFF /* LaunchScreen.storyboard */; };
		761E98BC23CECCA100334DFF /* Todo.swift in Sources */ = {isa = PBXBuildFile; fileRef = 761E98BB23CECCA100334DFF /* Todo.swift */; };
/* End PBXBuildFile section */

/* Begin PBXFileReference section */
		761E98A423CECC0800334DFF /* TodosApp.app */ = {isa = PBXFileReference; explicitFileType = wrapper.application; includeInIndex = 0; path = TodosApp.app; sourceTree = BUILT_PRODUCTS_DIR; };
		761E98A723CECC0800334DFF /* AppDelegate.swift */ = {isa = PBXFileReference; lastKnownFileType = sourcecode.swift; path = AppDelegate.swift; sourceTree = "<group>"; };
		761E98A923CECC0800334DFF /* SceneDelegate.swift */ = {isa = PBXFileReference; lastKnownFileType = sourcecode.swift; path = SceneDelegate.swift; sourceTree = "<group>"; };
		761E98AB23CECC0800334DFF /* ViewController.swift */ = {isa = PBXFileReference; lastKnownFileType = sourcecode.swift; path = ViewController.swift; sourceTree = "<group>"; };
		761E98AE23CECC0800334DFF /* Base */ = {isa = PBXFileReference; lastKnownFileType = file.storyboard; name = Base; path = Base.lproj/Main.storyboard; sourceTree = "<group>"; };
		761E98B023CECC0900334DFF /* Assets.xcassets */ = {isa = PBXFileReference; lastKnownFileType = folder.assetcatalog; path = Assets.xcassets; sourceTree = "<group>"; };
		761E98B323CECC0900334DFF /* Base */ = {isa = PBXFileReference; lastKnownFileType = file.storyboard; name = Base; path = Base.lproj/LaunchScreen.storyboard; sourceTree = "<group>"; };
		761E98B523CECC0900334DFF /* Info.plist */ = {isa = PBXFileReference; lastKnownFileType = text.plist.xml; path = Info.plist; sourceTree = "<group>"; };
		761E98BB23CECCA100334DFF /* Todo.swift */ = {isa = PBXFileReference; lastKnownFileType = sourcecode.swift; path = Todo.swift; sourceTree = "<group>"; };
/* End PBXFileReference section */

/* Begin PBXFrameworksBuildPhase section */
		761E98A123CECC0800334DFF /* Frameworks */ = {
			isa = PBXFrameworksBuildPhase;
			buildActionMask = 2147483647;
			files = (
			);
			runOnlyForDeploymentPostprocessing = 0;
		};
/* End PBXFrameworksBuildPhase section */

/* Begin PBXGroup section */
		761E989B23CECC0800334DFF = {
			isa = PBXGroup;
			children = (
				761E98A623CECC0800334DFF /* TodosApp */,
				761E98A523CECC0800334DFF /* Products */,
			);
			sourceTree = "<group>";
		};
		761E98A523CECC0800334DFF /* Products */ = {
			isa = PBXGroup;
			children = (
				761E98A423CECC0800334DFF /* TodosApp.app */,
			);
			name = Products;
			sourceTree = "<group>";
		};
		761E98A623CECC0800334DFF /* TodosApp */ = {
			isa = PBXGroup;
			children = (
				761E98A723CECC0800334DFF /* AppDelegate.swift */,
				761E98A923CECC0800334DFF /* SceneDelegate.swift */,
				761E98AB23CECC0800334DFF /* ViewController.swift */,
				761E98AD23CECC0800334DFF /* Main.storyboard */,
				761E98B023CECC0900334DFF /* Assets.xcassets */,
				761E98B223CECC0900334DFF /* LaunchScreen.storyboard */,
				761E98B523CECC0900334DFF /* Info.plist */,
				761E98BB23CECCA100334DFF /* Todo.swift */,
			);
			path = TodosApp;
			sourceTree = "<group>";
		};
/* End PBXGroup section */

/* Begin PBXNativeTarget section */
		761E98A323CECC0800334DFF /* TodosApp */ = {
			isa = PBXNativeTarget;
			buildConfigurationList = 761E98B823CECC0900334DFF /* Build configuration list for PBXNativeTarget "TodosApp" */;
			buildPhases = (
				761E98A023CECC0800334DFF /* Sources */,
				761E98A123CECC0800334DFF /* Frameworks */,
				761E98A223CECC0800334DFF /* Resources */,
			);
			buildRules = (
			);
			dependencies = (
			);
			name = TodosApp;
			productName = TodosApp;
			productReference = 761E98A423CECC0800334DFF /* TodosApp.app */;
			productType = "com.apple.product-type.application";
		};
/* End PBXNativeTarget section */

/* Begin PBXProject section */
		761E989C23CECC0800334DFF /* Project object */ = {
			isa = PBXProject;
			attributes = {
				LastSwiftUpdateCheck = 1130;
				LastUpgradeCheck = 1130;
				ORGANIZATIONNAME = "Mike Upton";
				TargetAttributes = {
					761E98A323CECC0800334DFF = {
						CreatedOnToolsVersion = 11.3;
					};
				};
			};
			buildConfigurationList = 761E989F23CECC0800334DFF /* Build configuration list for PBXProject "TodosApp" */;
			compatibilityVersion = "Xcode 9.3";
			developmentRegion = en;
			hasScannedForEncodings = 0;
			knownRegions = (
				en,
				Base,
			);
			mainGroup = 761E989B23CECC0800334DFF;
			productRefGroup = 761E98A523CECC0800334DFF /* Products */;
			projectDirPath = "";
			projectRoot = "";
			targets = (
				761E98A323CECC0800334DFF /* TodosApp */,
			);
		};
/* End PBXProject section */

/* Begin PBXResourcesBuildPhase section */
		761E98A223CECC0800334DFF /* Resources */ = {
			isa = PBXResourcesBuildPhase;
			buildActionMask = 2147483647;
			files = (
				761E98B423CECC0900334DFF /* LaunchScreen.storyboard in Resources */,
				761E98B123CECC0900334DFF /* Assets.xcassets in Resources */,
				761E98AF23CECC0800334DFF /* Main.storyboard in Resources */,
			);
			runOnlyForDeploymentPostprocessing = 0;
		};
/* End PBXResourcesBuildPhase section */

/* Begin PBXSourcesBuildPhase section */
		761E98A023CECC0800334DFF /* Sources */ = {
			isa = PBXSourcesBuildPhase;
			buildActionMask = 2147483647;
			files = (
				761E98AC23CECC0800334DFF /* ViewController.swift in Sources */,
				761E98A823CECC0800334DFF /* AppDelegate.swift in Sources */,
				761E98AA23CECC0800334DFF /* SceneDelegate.swift in Sources */,
				761E98BC23CECCA100334DFF /* Todo.swift in Sources */,
			);
			runOnlyForDeploymentPostprocessing = 0;
		};
/* End PBXSourcesBuildPhase section */

/* Begin PBXVariantGroup section */
		761E98AD23CECC0800334DFF /* Main.storyboard */ = {
			isa = PBXVariantGroup;
			children = (
				761E98AE23CECC0800334DFF /* Base */,
			);
			name = Main.storyboard;
			sourceTree = "<group>";
		};
		761E98B223CECC0900334DFF /* LaunchScreen.storyboard */ = {
			isa = PBXVariantGroup;
			children = (
				761E98B323CECC0900334DFF /* Base */,
			);
			name = LaunchScreen.storyboard;
			sourceTree = "<group>";
		};
/* End PBXVariantGroup section */

/* Begin XCBuildConfiguration section */
		761E98B623CECC0900334DFF /* Debug */ = {
			isa = XCBuildConfiguration;
			buildSettings = {
				ALWAYS_SEARCH_USER_PATHS = NO;
				CLANG_ANALYZER_NONNULL = YES;
				CLANG_ANALYZER_NUMBER_OBJECT_CONVERSION = YES_AGGRESSIVE;
				CLANG_CXX_LANGUAGE_STANDARD = "gnu++14";
				CLANG_CXX_LIBRARY = "libc++";
				CLANG_ENABLE_MODULES = YES;
				CLANG_ENABLE_OBJC_ARC = YES;
				CLANG_ENABLE_OBJC_WEAK = YES;
				CLANG_WARN_BLOCK_CAPTURE_AUTORELEASING = YES;
				CLANG_WARN_BOOL_CONVERSION = YES;
				CLANG_WARN_COMMA = YES;
				CLANG_WARN_CONSTANT_CONVERSION = YES;
				CLANG_WARN_DEPRECATED_OBJC_IMPLEMENTATIONS = YES;
				CLANG_WARN_DIRECT_OBJC_ISA_USAGE = YES_ERROR;
				CLANG_WARN_DOCUMENTATION_COMMENTS = YES;
				CLANG_WARN_EMPTY_BODY = YES;
				CLANG_WARN_ENUM_CONVERSION = YES;
				CLANG_WARN_INFINITE_RECURSION = YES;
				CLANG_WARN_INT_CONVERSION = YES;
				CLANG_WARN_NON_LITERAL_NULL_CONVERSION = YES;
				CLANG_WARN_OBJC_IMPLICIT_RETAIN_SELF = YES;
				CLANG_WARN_OBJC_LITERAL_CONVERSION = YES;
				CLANG_WARN_OBJC_ROOT_CLASS = YES_ERROR;
				CLANG_WARN_RANGE_LOOP_ANALYSIS = YES;
				CLANG_WARN_STRICT_PROTOTYPES = YES;
				CLANG_WARN_SUSPICIOUS_MOVE = YES;
				CLANG_WARN_UNGUARDED_AVAILABILITY = YES_AGGRESSIVE;
				CLANG_WARN_UNREACHABLE_CODE = YES;
				CLANG_WARN__DUPLICATE_METHOD_MATCH = YES;
				COPY_PHASE_STRIP = NO;
				DEBUG_INFORMATION_FORMAT = dwarf;
				ENABLE_STRICT_OBJC_MSGSEND = YES;
				ENABLE_TESTABILITY = YES;
				GCC_C_LANGUAGE_STANDARD = gnu11;
				GCC_DYNAMIC_NO_PIC = NO;
				GCC_NO_COMMON_BLOCKS = YES;
				GCC_OPTIMIZATION_LEVEL = 0;
				GCC_PREPROCESSOR_DEFINITIONS = (
					"DEBUG=1",
					"$(inherited)",
				);
				GCC_WARN_64_TO_32_BIT_CONVERSION = YES;
				GCC_WARN_ABOUT_RETURN_TYPE = YES_ERROR;
				GCC_WARN_UNDECLARED_SELECTOR = YES;
				GCC_WARN_UNINITIALIZED_AUTOS = YES_AGGRESSIVE;
				GCC_WARN_UNUSED_FUNCTION = YES;
				GCC_WARN_UNUSED_VARIABLE = YES;
				IPHONEOS_DEPLOYMENT_TARGET = 13.2;
				MTL_ENABLE_DEBUG_INFO = INCLUDE_SOURCE;
				MTL_FAST_MATH = YES;
				ONLY_ACTIVE_ARCH = YES;
				SDKROOT = iphoneos;
				SWIFT_ACTIVE_COMPILATION_CONDITIONS = DEBUG;
				SWIFT_OPTIMIZATION_LEVEL = "-Onone";
			};
			name = Debug;
		};
		761E98B723CECC0900334DFF /* Release */ = {
			isa = XCBuildConfiguration;
			buildSettings = {
				ALWAYS_SEARCH_USER_PATHS = NO;
				CLANG_ANALYZER_NONNULL = YES;
				CLANG_ANALYZER_NUMBER_OBJECT_CONVERSION = YES_AGGRESSIVE;
				CLANG_CXX_LANGUAGE_STANDARD = "gnu++14";
				CLANG_CXX_LIBRARY = "libc++";
				CLANG_ENABLE_MODULES = YES;
				CLANG_ENABLE_OBJC_ARC = YES;
				CLANG_ENABLE_OBJC_WEAK = YES;
				CLANG_WARN_BLOCK_CAPTURE_AUTORELEASING = YES;
				CLANG_WARN_BOOL_CONVERSION = YES;
				CLANG_WARN_COMMA = YES;
				CLANG_WARN_CONSTANT_CONVERSION = YES;
				CLANG_WARN_DEPRECATED_OBJC_IMPLEMENTATIONS = YES;
				CLANG_WARN_DIRECT_OBJC_ISA_USAGE = YES_ERROR;
				CLANG_WARN_DOCUMENTATION_COMMENTS = YES;
				CLANG_WARN_EMPTY_BODY = YES;
				CLANG_WARN_ENUM_CONVERSION = YES;
				CLANG_WARN_INFINITE_RECURSION = YES;
				CLANG_WARN_INT_CONVERSION = YES;
				CLANG_WARN_NON_LITERAL_NULL_CONVERSION = YES;
				CLANG_WARN_OBJC_IMPLICIT_RETAIN_SELF = YES;
				CLANG_WARN_OBJC_LITERAL_CONVERSION = YES;
				CLANG_WARN_OBJC_ROOT_CLASS = YES_ERROR;
				CLANG_WARN_RANGE_LOOP_ANALYSIS = YES;
				CLANG_WARN_STRICT_PROTOTYPES = YES;
				CLANG_WARN_SUSPICIOUS_MOVE = YES;
				CLANG_WARN_UNGUARDED_AVAILABILITY = YES_AGGRESSIVE;
				CLANG_WARN_UNREACHABLE_CODE = YES;
				CLANG_WARN__DUPLICATE_METHOD_MATCH = YES;
				COPY_PHASE_STRIP = NO;
				DEBUG_INFORMATION_FORMAT = "dwarf-with-dsym";
				ENABLE_NS_ASSERTIONS = NO;
				ENABLE_STRICT_OBJC_MSGSEND = YES;
				GCC_C_LANGUAGE_STANDARD = gnu11;
				GCC_NO_COMMON_BLOCKS = YES;
				GCC_WARN_64_TO_32_BIT_CONVERSION = YES;
				GCC_WARN_ABOUT_RETURN_TYPE = YES_ERROR;
				GCC_WARN_UNDECLARED_SELECTOR = YES;
				GCC_WARN_UNINITIALIZED_AUTOS = YES_AGGRESSIVE;
				GCC_WARN_UNUSED_FUNCTION = YES;
				GCC_WARN_UNUSED_VARIABLE = YES;
				IPHONEOS_DEPLOYMENT_TARGET = 13.2;
				MTL_ENABLE_DEBUG_INFO = NO;
				MTL_FAST_MATH = YES;
				SDKROOT = iphoneos;
				SWIFT_COMPILATION_MODE = wholemodule;
				SWIFT_OPTIMIZATION_LEVEL = "-O";
				VALIDATE_PRODUCT = YES;
			};
			name = Release;
		};
		761E98B923CECC0900334DFF /* Debug */ = {
			isa = XCBuildConfiguration;
			buildSettings = {
				ASSETCATALOG_COMPILER_APPICON_NAME = AppIcon;
				CODE_SIGN_STYLE = Automatic;
				INFOPLIST_FILE = TodosApp/Info.plist;
				LD_RUNPATH_SEARCH_PATHS = (
					"$(inherited)",
					"@executable_path/Frameworks",
				);
				PRODUCT_BUNDLE_IDENTIFIER = uptonm.TodosApp;
				PRODUCT_NAME = "$(TARGET_NAME)";
				SWIFT_VERSION = 5.0;
				TARGETED_DEVICE_FAMILY = "1,2";
			};
			name = Debug;
		};
		761E98BA23CECC0900334DFF /* Release */ = {
			isa = XCBuildConfiguration;
			buildSettings = {
				ASSETCATALOG_COMPILER_APPICON_NAME = AppIcon;
				CODE_SIGN_STYLE = Automatic;
				INFOPLIST_FILE = TodosApp/Info.plist;
				LD_RUNPATH_SEARCH_PATHS = (
					"$(inherited)",
					"@executable_path/Frameworks",
				);
				PRODUCT_BUNDLE_IDENTIFIER = uptonm.TodosApp;
				PRODUCT_NAME = "$(TARGET_NAME)";
				SWIFT_VERSION = 5.0;
				TARGETED_DEVICE_FAMILY = "1,2";
			};
			name = Release;
		};
/* End XCBuildConfiguration section */

/* Begin XCConfigurationList section */
		761E989F23CECC0800334DFF /* Build configuration list for PBXProject "TodosApp" */ = {
			isa = XCConfigurationList;
			buildConfigurations = (
				761E98B623CECC0900334DFF /* Debug */,
				761E98B723CECC0900334DFF /* Release */,
			);
			defaultConfigurationIsVisible = 0;
			defaultConfigurationName = Release;
		};
		761E98B823CECC0900334DFF /* Build configuration list for PBXNativeTarget "TodosApp" */ = {
			isa = XCConfigurationList;
			buildConfigurations = (
				761E98B923CECC0900334DFF /* Debug */,
				761E98BA23CECC0900334DFF /* Release */,
			);
			defaultConfigurationIsVisible = 0;
			defaultConfigurationName = Release;
		};
/* End XCConfigurationList section */
	};
	rootObject = 761E989C23CECC0800334DFF /* Project object */;
}
